
Microsoft Visual Studio Solution File, Format Version 12.00
# Visual Studio Version 16
VisualStudioVersion = 16.0.31613.86
MinimumVisualStudioVersion = 10.0.40219.1
Project("{FAE04EC0-301F-11D3-BF4B-00C04F79EFBC}") = "Web_CPython", "Web_CPython\Web_CPython.csproj", "{4BB3D5C7-F5E0-4FEB-9AB0-51D35CC4F9B9}"
EndProject
Global
	GlobalSection(SolutionConfigurationPlatforms) = preSolution
		Debug|Any CPU = Debug|Any CPU
		Release|Any CPU = Release|Any CPU
	EndGlobalSection
	GlobalSection(ProjectConfigurationPlatforms) = postSolution
		{4BB3D5C7-F5E0-4FEB-9AB0-51D35CC4F9B9}.Debug|Any CPU.ActiveCfg = Debug|Any CPU
		{4BB3D5C7-F5E0-4FEB-9AB0-51D35CC4F9B9}.Debug|Any CPU.Build.0 = Debug|Any CPU
		{4BB3D5C7-F5E0-4FEB-9AB0-51D35CC4F9B9}.Release|Any CPU.ActiveCfg = Release|Any CPU
		{4BB3D5C7-F5E0-4FEB-9AB0-51D35CC4F9B9}.Release|Any CPU.Build.0 = Release|Any CPU
	EndGlobalSection
	GlobalSection(SolutionProperties) = preSolution
		HideSolutionNode = FALSE
	EndGlobalSection
	GlobalSection(ExtensibilityGlobals) = postSolution
		SolutionGuid = {4C520721-90DA-4E02-99AF-EAEFCDF50196}
	EndGlobalSection
EndGlobal
